
Microsoft Visual Studio Solution File, Format Version 12.00
# Visual Studio Version 16
VisualStudioVersion = 16.0.30225.117
MinimumVisualStudioVersion = 10.0.40219.1
Project("{FAE04EC0-301F-11D3-BF4B-00C04F79EFBC}") = "Moveit", "Moveit\Moveit.csproj", "{304AD18A-0039-46B8-A862-850BF04BA813}"
EndProject
Global
	GlobalSection(SolutionConfigurationPlatforms) = preSolution
		Debug|Any CPU = Debug|Any CPU
		Release|Any CPU = Release|Any CPU
	EndGlobalSection
	GlobalSection(ProjectConfigurationPlatforms) = postSolution
		{304AD18A-0039-46B8-A862-850BF04BA813}.Debug|Any CPU.ActiveCfg = Debug|Any CPU
		{304AD18A-0039-46B8-A862-850BF04BA813}.Debug|Any CPU.Build.0 = Debug|Any CPU
		{304AD18A-0039-46B8-A862-850BF04BA813}.Release|Any CPU.ActiveCfg = Release|Any CPU
		{304AD18A-0039-46B8-A862-850BF04BA813}.Release|Any CPU.Build.0 = Release|Any CPU
	EndGlobalSection
	GlobalSection(SolutionProperties) = preSolution
		HideSolutionNode = FALSE
	EndGlobalSection
	GlobalSection(ExtensibilityGlobals) = postSolution
		SolutionGuid = {EF947840-A221-44FA-931B-1A0105714046}
	EndGlobalSection
EndGlobal
